
Microsoft Visual Studio Solution File, Format Version 12.00
# Visual Studio Version 16
VisualStudioVersion = 16.0.30804.86
MinimumVisualStudioVersion = 10.0.40219.1
Project("{8BC9CEB8-8B4A-11D0-8D11-00A0C91BC942}") = "Client", "ProjectAlpha\ProjectAlpha.vcxproj", "{0EEED405-123E-4733-B10F-4736C2287695}"
EndProject
Project("{8BC9CEB8-8B4A-11D0-8D11-00A0C91BC942}") = "Server", "Server\Server.vcxproj", "{C44AF38A-0485-4AA9-81E3-8BCBF359DC50}"
EndProject
Global
	GlobalSection(SolutionConfigurationPlatforms) = preSolution
		Debug|x64 = Debug|x64
		Debug|x86 = Debug|x86
		Release|x64 = Release|x64
		Release|x86 = Release|x86
	EndGlobalSection
	GlobalSection(ProjectConfigurationPlatforms) = postSolution
		{0EEED405-123E-4733-B10F-4736C2287695}.Debug|x64.ActiveCfg = Debug|x64
		{0EEED405-123E-4733-B10F-4736C2287695}.Debug|x64.Build.0 = Debug|x64
		{0EEED405-123E-4733-B10F-4736C2287695}.Debug|x86.ActiveCfg = Debug|Win32
		{0EEED405-123E-4733-B10F-4736C2287695}.Debug|x86.Build.0 = Debug|Win32
		{0EEED405-123E-4733-B10F-4736C2287695}.Release|x64.ActiveCfg = Release|x64
		{0EEED405-123E-4733-B10F-4736C2287695}.Release|x64.Build.0 = Release|x64
		{0EEED405-123E-4733-B10F-4736C2287695}.Release|x86.ActiveCfg = Release|Win32
		{0EEED405-123E-4733-B10F-4736C2287695}.Release|x86.Build.0 = Release|Win32
		{C44AF38A-0485-4AA9-81E3-8BCBF359DC50}.Debug|x64.ActiveCfg = Debug|x64
		{C44AF38A-0485-4AA9-81E3-8BCBF359DC50}.Debug|x64.Build.0 = Debug|x64
		{C44AF38A-0485-4AA9-81E3-8BCBF359DC50}.Debug|x86.ActiveCfg = Debug|Win32
		{C44AF38A-0485-4AA9-81E3-8BCBF359DC50}.Debug|x86.Build.0 = Debug|Win32
		{C44AF38A-0485-4AA9-81E3-8BCBF359DC50}.Release|x64.ActiveCfg = Release|x64
		{C44AF38A-0485-4AA9-81E3-8BCBF359DC50}.Release|x64.Build.0 = Release|x64
		{C44AF38A-0485-4AA9-81E3-8BCBF359DC50}.Release|x86.ActiveCfg = Release|Win32
		{C44AF38A-0485-4AA9-81E3-8BCBF359DC50}.Release|x86.Build.0 = Release|Win32
	EndGlobalSection
	GlobalSection(SolutionProperties) = preSolution
		HideSolutionNode = FALSE
	EndGlobalSection
	GlobalSection(ExtensibilityGlobals) = postSolution
		SolutionGuid = {9526D1E9-4957-4287-BA83-B4349D810A40}
	EndGlobalSection
EndGlobal
