<?xml version="1.0" encoding="utf-8"?>
<Project ToolsVersion="4.0" xmlns="http://schemas.microsoft.com/developer/msbuild/2003">
  <ItemGroup>
    <Filter Include="Header Files">
      <UniqueIdentifier>{93995380-89BD-4b04-88EB-625FBE52EBFB}</UniqueIdentifier>
      <Extensions>h;hh;hpp;hxx;h++;hm;inl;inc;ipp;xsd</Extensions>
    </Filter>
    <Filter Include="Resource Files">
      <UniqueIdentifier>{67DA6AB6-F800-4c08-8B7A-83BB121AAD01}</UniqueIdentifier>
      <Extensions>rc;ico;cur;bmp;dlg;rc2;rct;bin;rgs;gif;jpg;jpeg;jpe;resx;tiff;tif;png;wav;mfcribbon-ms</Extensions>
    </Filter>
    <Filter Include="Enums">
      <UniqueIdentifier>{12c53f06-942b-4f85-94c8-d28e1d91315e}</UniqueIdentifier>
    </Filter>
    <Filter Include="GUI">
      <UniqueIdentifier>{43b4594b-5d1e-4007-ac0f-259d1127f142}</UniqueIdentifier>
    </Filter>
    <Filter Include="Source Files">
      <UniqueIdentifier>{4FC737F1-C7A5-4376-A066-2A32D752A2FF}</UniqueIdentifier>
      <Extensions>cpp;c;cc;cxx;c++;cppm;ixx;def;odl;idl;hpj;bat;asm;asmx</Extensions>
    </Filter>
    <Filter Include="txt">
      <UniqueIdentifier>{ae9458db-5ea9-4e9d-b3ab-56c0a859e031}</UniqueIdentifier>
    </Filter>
  </ItemGroup>
  <ItemGroup>
    <ClCompile Include="main.cpp">
      <Filter>Source Files</Filter>
    </ClCompile>
    <ClCompile Include="Game.cpp">
      <Filter>Source Files</Filter>
    </ClCompile>
    <ClCompile Include="GameScene.cpp">
      <Filter>Source Files</Filter>
    </ClCompile>
    <ClCompile Include="MainMenuScene.cpp">
      <Filter>Source Files</Filter>
    </ClCompile>
    <ClCompile Include="Scene.cpp">
      <Filter>Source Files</Filter>
    </ClCompile>
    <ClCompile Include="IEC.cpp">
      <Filter>Source Files</Filter>
    </ClCompile>
    <ClCompile Include="Player.cpp">
      <Filter>Source Files</Filter>
    </ClCompile>
    <ClCompile Include="Map.cpp">
      <Filter>Source Files</Filter>
    </ClCompile>
    <ClCompile Include="Pointer.cpp">
      <Filter>Source Files</Filter>
    </ClCompile>
    <ClCompile Include="GUI_Clocks.cpp">
      <Filter>GUI</Filter>
    </ClCompile>
    <ClCompile Include="GUI_ItemsList.cpp">
      <Filter>GUI</Filter>
    </ClCompile>
    <ClCompile Include="GUI_ItemsListItem.cpp">
      <Filter>GUI</Filter>
    </ClCompile>
    <ClCompile Include="Storage.cpp">
      <Filter>Source Files</Filter>
    </ClCompile>
    <ClCompile Include="Item.cpp">
      <Filter>Source Files</Filter>
    </ClCompile>
    <ClCompile Include="GUI_Button.cpp">
      <Filter>GUI</Filter>
    </ClCompile>
    <ClCompile Include="GUI_IndicatorLine.cpp">
      <Filter>GUI</Filter>
    </ClCompile>
    <ClCompile Include="GUI_ActionPanel.cpp">
      <Filter>GUI</Filter>
    </ClCompile>
    <ClCompile Include="UI.cpp">
      <Filter>Header Files</Filter>
    </ClCompile>
    <ClCompile Include="GUI_Slider.cpp">
      <Filter>GUI</Filter>
    </ClCompile>
    <ClCompile Include="GUI_Window.cpp">
      <Filter>GUI</Filter>
    </ClCompile>
    <ClCompile Include="GuiElementsContainer.cpp">
      <Filter>Source Files</Filter>
    </ClCompile>
    <ClCompile Include="GUI_TextDisplay.cpp">
      <Filter>GUI</Filter>
    </ClCompile>
    <ClCompile Include="GUI_LayerSys.cpp">
      <Filter>Source Files</Filter>
    </ClCompile>
    <ClCompile Include="GUI_Element.cpp">
      <Filter>Source Files</Filter>
    </ClCompile>
  </ItemGroup>
  <ItemGroup>
    <ClInclude Include="Game.h">
      <Filter>Header Files</Filter>
    </ClInclude>
    <ClInclude Include="GameScene.h">
      <Filter>Header Files</Filter>
    </ClInclude>
    <ClInclude Include="MainMenuScene.h">
      <Filter>Header Files</Filter>
    </ClInclude>
    <ClInclude Include="Scene.h">
      <Filter>Header Files</Filter>
    </ClInclude>
    <ClInclude Include="IEC.h">
      <Filter>Header Files</Filter>
    </ClInclude>
    <ClInclude Include="Player.h">
      <Filter>Header Files</Filter>
    </ClInclude>
    <ClInclude Include="Map.h">
      <Filter>Header Files</Filter>
    </ClInclude>
    <ClInclude Include="Pointer.h">
      <Filter>Header Files</Filter>
    </ClInclude>
    <ClInclude Include="ResourcesEnum.h">
      <Filter>Enums</Filter>
    </ClInclude>
    <ClInclude Include="PointersEnum.h">
      <Filter>Enums</Filter>
    </ClInclude>
    <ClInclude Include="Colors.h">
      <Filter>Header Files</Filter>
    </ClInclude>
    <ClInclude Include="GUI_Clocks.h">
      <Filter>GUI</Filter>
    </ClInclude>
    <ClInclude Include="GUI_Element.h">
      <Filter>GUI</Filter>
    </ClInclude>
    <ClInclude Include="GUI_ItemsListItem.h">
      <Filter>GUI</Filter>
    </ClInclude>
    <ClInclude Include="GUI_ItemsList.h">
      <Filter>GUI</Filter>
    </ClInclude>
    <ClInclude Include="Storage.h">
      <Filter>Header Files</Filter>
    </ClInclude>
    <ClInclude Include="ItemsEnum.h">
      <Filter>Enums</Filter>
    </ClInclude>
    <ClInclude Include="Item.h">
      <Filter>Header Files</Filter>
    </ClInclude>
    <ClInclude Include="SurvivalParametersEnum.h">
      <Filter>Enums</Filter>
    </ClInclude>
    <ClInclude Include="GUI_Button.h">
      <Filter>GUI</Filter>
    </ClInclude>
    <ClInclude Include="GUI_IndicatorLine.h">
      <Filter>GUI</Filter>
    </ClInclude>
    <ClInclude Include="GUI_ActionPanel.h">
      <Filter>GUI</Filter>
    </ClInclude>
    <ClInclude Include="UI.h">
      <Filter>Header Files</Filter>
    </ClInclude>
    <ClInclude Include="PrecompiledHeaders.h">
      <Filter>Header Files</Filter>
    </ClInclude>
    <ClInclude Include="UiResEnum.h">
      <Filter>Enums</Filter>
    </ClInclude>
    <ClInclude Include="UiFontsEnum.h">
      <Filter>Enums</Filter>
    </ClInclude>
    <ClInclude Include="GUI_Slider.h">
      <Filter>GUI</Filter>
    </ClInclude>
    <ClInclude Include="ScenesEnum.h">
      <Filter>Enums</Filter>
    </ClInclude>
    <ClInclude Include="GUI_Window.h">
      <Filter>GUI</Filter>
    </ClInclude>
    <ClInclude Include="GuiElementsContainer.h">
      <Filter>Header Files</Filter>
    </ClInclude>
    <ClInclude Include="GUIElementsEnum.h">
      <Filter>Enums</Filter>
    </ClInclude>
    <ClInclude Include="GUI_Transform.h">
      <Filter>GUI</Filter>
    </ClInclude>
    <ClInclude Include="GUI_RenderTextureContainer.h">
      <Filter>GUI</Filter>
    </ClInclude>
    <ClInclude Include="GUI_TextDisplay.h">
      <Filter>GUI</Filter>
    </ClInclude>
    <ClInclude Include="GUI_Interactable.h">
      <Filter>GUI</Filter>
    </ClInclude>
    <ClInclude Include="GUI_LayerSys.h">
      <Filter>Header Files</Filter>
    </ClInclude>
  </ItemGroup>
  <ItemGroup>
    <Text Include="res\map0x0.txt">
      <Filter>txt</Filter>
    </Text>
    <Text Include="res\itemEffects.txt">
      <Filter>txt</Filter>
    </Text>
  </ItemGroup>
  <ItemGroup>
    <Image Include="res\actionPanel.png">
      <Filter>Resource Files</Filter>
    </Image>
    <Image Include="res\bagButton.png">
      <Filter>Resource Files</Filter>
    </Image>
    <Image Include="res\barn.png">
      <Filter>Resource Files</Filter>
    </Image>
    <Image Include="res\barracks.png">
      <Filter>Resource Files</Filter>
    </Image>
    <Image Include="res\beer-bottle.png">
      <Filter>Resource Files</Filter>
    </Image>
    <Image Include="res\buildings.png">
      <Filter>Resource Files</Filter>
    </Image>
    <Image Include="res\camping-tent.png">
      <Filter>Resource Files</Filter>
    </Image>
    <Image Include="res\canned-fish.png">
      <Filter>Resource Files</Filter>
    </Image>
    <Image Include="res\cave-entrance.png">
      <Filter>Resource Files</Filter>
    </Image>
    <Image Include="res\control-tower.png">
      <Filter>Resource Files</Filter>
    </Image>
    <Image Include="res\corn.png">
      <Filter>Resource Files</Filter>
    </Image>
    <Image Include="res\downListButton.png">
      <Filter>Resource Files</Filter>
    </Image>
    <Image Include="res\eating.png">
      <Filter>Resource Files</Filter>
    </Image>
    <Image Include="res\fallen-london-old-map.jpg">
      <Filter>Resource Files</Filter>
    </Image>
    <Image Include="res\family-house.png">
      <Filter>Resource Files</Filter>
    </Image>
    <Image Include="res\forest.png">
      <Filter>Resource Files</Filter>
    </Image>
    <Image Include="res\glass-shot.png">
      <Filter>Resource Files</Filter>
    </Image>
    <Image Include="res\gold-mine.png">
      <Filter>Resource Files</Filter>
    </Image>
    <Image Include="res\graveyard.png">
      <Filter>Resource Files</Filter>
    </Image>
    <Image Include="res\greenhouse.png">
      <Filter>Resource Files</Filter>
    </Image>
    <Image Include="res\GUI.png">
      <Filter>Resource Files</Filter>
    </Image>
    <Image Include="res\GUI_List.png">
      <Filter>Resource Files</Filter>
    </Image>
    <Image Include="res\hand.png">
      <Filter>Resource Files</Filter>
    </Image>
    <Image Include="res\health-normal.png">
      <Filter>Resource Files</Filter>
    </Image>
    <Image Include="res\home-garage.png">
      <Filter>Resource Files</Filter>
    </Image>
    <Image Include="res\hospital.png">
      <Filter>Resource Files</Filter>
    </Image>
    <Image Include="res\house.png">
      <Filter>Resource Files</Filter>
    </Image>
    <Image Include="res\impact-point.png">
      <Filter>Resource Files</Filter>
    </Image>
    <Image Include="res\IndicatorLine.png">
      <Filter>Resource Files</Filter>
    </Image>
    <Image Include="res\info.png">
      <Filter>Resource Files</Filter>
    </Image>
    <Image Include="res\ItemBar.png">
      <Filter>Resource Files</Filter>
    </Image>
    <Image Include="res\Items.png">
      <Filter>Resource Files</Filter>
    </Image>
    <Image Include="res\lighthouse.png">
      <Filter>Resource Files</Filter>
    </Image>
    <Image Include="res\listScrollBar.png">
      <Filter>Resource Files</Filter>
    </Image>
    <Image Include="res\listScrollBar_style0.png">
      <Filter>Resource Files</Filter>
    </Image>
    <Image Include="res\mainMenuDefaultButton.png">
      <Filter>Resource Files</Filter>
    </Image>
    <Image Include="res\map0x0.png">
      <Filter>Resource Files</Filter>
    </Image>
    <Image Include="res\medical-thermometer.png">
      <Filter>Resource Files</Filter>
    </Image>
    <Image Include="res\medicine-pills.png">
      <Filter>Resource Files</Filter>
    </Image>
    <Image Include="res\modern-city.png">
      <Filter>Resource Files</Filter>
    </Image>
    <Image Include="res\mushroom-gills.png">
      <Filter>Resource Files</Filter>
    </Image>
    <Image Include="res\night-sleep.png">
      <Filter>Resource Files</Filter>
    </Image>
    <Image Include="res\person.png">
      <Filter>Resource Files</Filter>
    </Image>
    <Image Include="res\pin.png">
      <Filter>Resource Files</Filter>
    </Image>
    <Image Include="res\playButton.png">
      <Filter>Resource Files</Filter>
    </Image>
    <Image Include="res\playerIcon.png">
      <Filter>Resource Files</Filter>
    </Image>
    <Image Include="res\radio-tower.png">
      <Filter>Resource Files</Filter>
    </Image>
    <Image Include="res\school-bag.png">
      <Filter>Resource Files</Filter>
    </Image>
    <Image Include="res\sharp-lips.png">
      <Filter>Resource Files</Filter>
    </Image>
    <Image Include="res\shiny-apple.png">
      <Filter>Resource Files</Filter>
    </Image>
    <Image Include="res\shop.png">
      <Filter>Resource Files</Filter>
    </Image>
    <Image Include="res\sing.png">
      <Filter>Resource Files</Filter>
    </Image>
    <Image Include="res\snake-bite.png">
      <Filter>Resource Files</Filter>
    </Image>
    <Image Include="res\statusIcons.png">
      <Filter>Resource Files</Filter>
    </Image>
    <Image Include="res\temple-gate.png">
      <Filter>Resource Files</Filter>
    </Image>
    <Image Include="res\upListButton.png">
      <Filter>Resource Files</Filter>
    </Image>
    <Image Include="res\walk.png">
      <Filter>Resource Files</Filter>
    </Image>
    <Image Include="res\watchtower.png">
      <Filter>Resource Files</Filter>
    </Image>
    <Image Include="res\water-tank.png">
      <Filter>Resource Files</Filter>
    </Image>
    <Image Include="res\windpump.png">
      <Filter>Resource Files</Filter>
    </Image>
    <Image Include="res\wood-cabin.png">
      <Filter>Resource Files</Filter>
    </Image>
  </ItemGroup>
  <ItemGroup>
    <None Include="res\bagButton.pdn">
      <Filter>Resource Files</Filter>
    </None>
    <None Include="res\eating.pdn">
      <Filter>Resource Files</Filter>
    </None>
    <None Include="res\GUI_List.pdn">
      <Filter>Resource Files</Filter>
    </None>
    <None Include="res\map0x0.pdn">
      <Filter>Resource Files</Filter>
    </None>
    <None Include="res\playerIcon.pdn">
      <Filter>Resource Files</Filter>
    </None>
  </ItemGroup>
  <ItemGroup>
    <Font Include="res\KarmaFuture.ttf">
      <Filter>Resource Files</Filter>
    </Font>
    <Font Include="res\VintageOne.ttf">
      <Filter>Resource Files</Filter>
    </Font>
  </ItemGroup>
</Project>